{
  "name": "umdloop_gui",
  "lockfileVersion": 3,
  "requires": true,
  "packages": {
    "": {
      "dependencies": {
        "ultralytics": "^1.0.0"
      }
    },
    "node_modules/ultralytics": {
      "version": "1.0.0",
      "resolved": "https://registry.npmjs.org/ultralytics/-/ultralytics-1.0.0.tgz",
      "integrity": "sha512-mZY6k0hv5+zaTuTODMRPlgl8bF92zj58W17ed7FRrvIoWzE66sqf9qL12wsNjhoOypMOt4i51fa7vwPQlim0xw==",
      "license": "Apache-2.0"
    }
  }
}
